# This file is automatically @generated by Cargo.
# It is not intended for manual editing.
version = 4

[[package]]
name = "memchr"
version = "2.8.3"
source = "registry+https://github.com/rust-lang/crates.io-index"
checksum = "cf8baf1c55e62ffcace7a9f06f4bd9cd3f0c4beb022d3b367256b91b87513d98"

[[package]]
name = "object"
version = "0.40.0"
source = "registry+https://github.com/rust-lang/crates.io-index"
checksum = "dd229a0361b9d0d4396176e02d65897f487eebeab7caa6d443855ee152ca0b9c"
dependencies = [
 "memchr",
]

[[package]]
name = "qemu-boot"
version = "0.1.0"
dependencies = [
 "object",
]
